// !$*UTF8*$!
{
	archiveVersion = 1;
	classes = {
	};
	objectVersion = 77;
	objects = {

/* Begin PBXBuildFile section */
		5E2626C82FD1846400180F49 /* WelcomeView.swift in Sources */ = {isa = PBXBuildFile; fileRef = 5E2626C32FD1824A00180F49 /* WelcomeView.swift */; };
		5E2626C92FD1846400180F49 /* AccountsStepView.swift in Sources */ = {isa = PBXBuildFile; fileRef = 5E2626C62FD1829C00180F49 /* AccountsStepView.swift */; };
		5E2626CA2FD1846400180F49 /* OnboardingFlowView.swift in Sources */ = {isa = PBXBuildFile; fileRef = 5E2626C72FD182BF00180F49 /* OnboardingFlowView.swift */; };
		5E2626CB2FD1846400180F49 /* OnboardingViewModel.swift in Sources */ = {isa = PBXBuildFile; fileRef = 5E2626C02FD1821F00180F49 /* OnboardingViewModel.swift */; };
		5E2626CC2FD1846400180F49 /* PersonalDetailsStepView.swift in Sources */ = {isa = PBXBuildFile; fileRef = 5E2626C42FD1826600180F49 /* PersonalDetailsStepView.swift */; };
		5E2626CD2FD1846400180F49 /* AccountEditorSheet.swift in Sources */ = {isa = PBXBuildFile; fileRef = 5E2626C52FD1828300180F49 /* AccountEditorSheet.swift */; };
		5E31E5402FD16ABE00FF83C8 /* CLAUDE.md in Resources */ = {isa = PBXBuildFile; fileRef = 5E31E53F2FD16ABE00FF83C8 /* CLAUDE.md */; };
		5E31E54B2FD16B6D00FF83C8 /* UserProfile.swift in Sources */ = {isa = PBXBuildFile; fileRef = 5E31E54A2FD16B6D00FF83C8 /* UserProfile.swift */; };
		5E31E54C2FD16B6D00FF83C8 /* BudgetItem.swift in Sources */ = {isa = PBXBuildFile; fileRef = 5E31E5432FD16B6D00FF83C8 /* BudgetItem.swift */; };
		5E31E54D2FD16B6D00FF83C8 /* Goal.swift in Sources */ = {isa = PBXBuildFile; fileRef = 5E31E5452FD16B6D00FF83C8 /* Goal.swift */; };
		5E31E54F2FD16B6D00FF83C8 /* SharedEnums.swift in Sources */ = {isa = PBXBuildFile; fileRef = 5E31E5482FD16B6D00FF83C8 /* SharedEnums.swift */; };
		5E31E5502FD16B6D00FF83C8 /* Category.swift in Sources */ = {isa = PBXBuildFile; fileRef = 5E31E5442FD16B6D00FF83C8 /* Category.swift */; };
		5E31E5512FD16B6D00FF83C8 /* Transaction.swift in Sources */ = {isa = PBXBuildFile; fileRef = 5E31E5492FD16B6D00FF83C8 /* Transaction.swift */; };
		5E31E5522FD16B6D00FF83C8 /* SeedData.swift in Sources */ = {isa = PBXBuildFile; fileRef = 5E31E5472FD16B6D00FF83C8 /* SeedData.swift */; };
		5E31E5532FD16B6D00FF83C8 /* Account.swift in Sources */ = {isa = PBXBuildFile; fileRef = 5E31E5422FD16B6D00FF83C8 /* Account.swift */; };
		5E31E5542FD16B6D00FF83C8 /* UserProfile.swift in Sources */ = {isa = PBXBuildFile; fileRef = 5E31E54A2FD16B6D00FF83C8 /* UserProfile.swift */; };
		5E31E5552FD16B6D00FF83C8 /* BudgetItem.swift in Sources */ = {isa = PBXBuildFile; fileRef = 5E31E5432FD16B6D00FF83C8 /* BudgetItem.swift */; };
		5E31E5562FD16B6D00FF83C8 /* Goal.swift in Sources */ = {isa = PBXBuildFile; fileRef = 5E31E5452FD16B6D00FF83C8 /* Goal.swift */; };
		5E31E5582FD16B6D00FF83C8 /* SharedEnums.swift in Sources */ = {isa = PBXBuildFile; fileRef = 5E31E5482FD16B6D00FF83C8 /* SharedEnums.swift */; };
		5E31E5592FD16B6D00FF83C8 /* Category.swift in Sources */ = {isa = PBXBuildFile; fileRef = 5E31E5442FD16B6D00FF83C8 /* Category.swift */; };
		5E31E55A2FD16B6D00FF83C8 /* Transaction.swift in Sources */ = {isa = PBXBuildFile; fileRef = 5E31E5492FD16B6D00FF83C8 /* Transaction.swift */; };
		5E31E55B2FD16B6D00FF83C8 /* SeedData.swift in Sources */ = {isa = PBXBuildFile; fileRef = 5E31E5472FD16B6D00FF83C8 /* SeedData.swift */; };
		5E31E55C2FD16B6D00FF83C8 /* Account.swift in Sources */ = {isa = PBXBuildFile; fileRef = 5E31E5422FD16B6D00FF83C8 /* Account.swift */; };
		5E31E55D2FD16B6D00FF83C8 /* UserProfile.swift in Sources */ = {isa = PBXBuildFile; fileRef = 5E31E54A2FD16B6D00FF83C8 /* UserProfile.swift */; };
		5E31E55E2FD16B6D00FF83C8 /* BudgetItem.swift in Sources */ = {isa = PBXBuildFile; fileRef = 5E31E5432FD16B6D00FF83C8 /* BudgetItem.swift */; };
		5E31E55F2FD16B6D00FF83C8 /* Goal.swift in Sources */ = {isa = PBXBuildFile; fileRef = 5E31E5452FD16B6D00FF83C8 /* Goal.swift */; };
		5E31E5612FD16B6D00FF83C8 /* SharedEnums.swift in Sources */ = {isa = PBXBuildFile; fileRef = 5E31E5482FD16B6D00FF83C8 /* SharedEnums.swift */; };
		5E31E5622FD16B6D00FF83C8 /* Category.swift in Sources */ = {isa = PBXBuildFile; fileRef = 5E31E5442FD16B6D00FF83C8 /* Category.swift */; };
		5E31E5632FD16B6D00FF83C8 /* Transaction.swift in Sources */ = {isa = PBXBuildFile; fileRef = 5E31E5492FD16B6D00FF83C8 /* Transaction.swift */; };
		5E31E5642FD16B6D00FF83C8 /* SeedData.swift in Sources */ = {isa = PBXBuildFile; fileRef = 5E31E5472FD16B6D00FF83C8 /* SeedData.swift */; };
		5E31E5652FD16B6D00FF83C8 /* Account.swift in Sources */ = {isa = PBXBuildFile; fileRef = 5E31E5422FD16B6D00FF83C8 /* Account.swift */; };
		5E47939E2FD2014100568427 /* IncomeSourceEditorSheet.swift in Sources */ = {isa = PBXBuildFile; fileRef = 5E47939D2FD2014100568427 /* IncomeSourceEditorSheet.swift */; };
		5E4793A02FD2017300568427 /* PlannedExpenseEditorSheet.swift in Sources */ = {isa = PBXBuildFile; fileRef = 5E47939F2FD2017300568427 /* PlannedExpenseEditorSheet.swift */; };
		5E4793A22FD201AC00568427 /* BudgetStepView.swift in Sources */ = {isa = PBXBuildFile; fileRef = 5E4793A12FD201AC00568427 /* BudgetStepView.swift */; };
		5E4793A42FD2021F00568427 /* BudgetSummaryCard.swift in Sources */ = {isa = PBXBuildFile; fileRef = 5E4793A32FD2021F00568427 /* BudgetSummaryCard.swift */; };
		5E8EB3A32FD2F5060037E1F3 /* Theme.swift in Sources */ = {isa = PBXBuildFile; fileRef = 5E4793A62FD207EA00568427 /* Theme.swift */; };
		5E8EB3A52FD2F8E70037E1F3 /* FXRateSnapshot.swift in Sources */ = {isa = PBXBuildFile; fileRef = 5E8EB3A42FD2F8E70037E1F3 /* FXRateSnapshot.swift */; };
		5E8EB3A62FD2F8E70037E1F3 /* FXRateSnapshot.swift in Sources */ = {isa = PBXBuildFile; fileRef = 5E8EB3A42FD2F8E70037E1F3 /* FXRateSnapshot.swift */; };
		5E8EB3A72FD2F8E70037E1F3 /* FXRateSnapshot.swift in Sources */ = {isa = PBXBuildFile; fileRef = 5E8EB3A42FD2F8E70037E1F3 /* FXRateSnapshot.swift */; };
		5E8EB3AB2FD2F9B30037E1F3 /* FXRatesService.swift in Sources */ = {isa = PBXBuildFile; fileRef = 5E8EB3A92FD2F9070037E1F3 /* FXRatesService.swift */; };
		5E8EB3AC2FD2F9B30037E1F3 /* CurrencyConverter.swift in Sources */ = {isa = PBXBuildFile; fileRef = 5E8EB3AA2FD2F9240037E1F3 /* CurrencyConverter.swift */; };
		5ED3E0E82FD1BB4D003083F0 /* Holding.swift in Sources */ = {isa = PBXBuildFile; fileRef = 5ED3E0E72FD1BB4D003083F0 /* Holding.swift */; };
		5ED3E0E92FD1BB4D003083F0 /* Holding.swift in Sources */ = {isa = PBXBuildFile; fileRef = 5ED3E0E72FD1BB4D003083F0 /* Holding.swift */; };
		5ED3E0EA2FD1BB4D003083F0 /* Holding.swift in Sources */ = {isa = PBXBuildFile; fileRef = 5ED3E0E72FD1BB4D003083F0 /* Holding.swift */; };
		5ED3E0EC2FD1BB9D003083F0 /* HoldingEditorView.swift in Sources */ = {isa = PBXBuildFile; fileRef = 5ED3E0EB2FD1BB9D003083F0 /* HoldingEditorView.swift */; };
		5ED3E0EF2FD1BE69003083F0 /* GreetingHeaderView.swift in Sources */ = {isa = PBXBuildFile; fileRef = 5ED3E0EE2FD1BE69003083F0 /* GreetingHeaderView.swift */; };
		5ED3E0F12FD1BE8C003083F0 /* AssetsSummaryCard.swift in Sources */ = {isa = PBXBuildFile; fileRef = 5ED3E0F02FD1BE8C003083F0 /* AssetsSummaryCard.swift */; };
		5ED3E0F32FD1BEB4003083F0 /* MonthlySummaryCard.swift in Sources */ = {isa = PBXBuildFile; fileRef = 5ED3E0F22FD1BEB4003083F0 /* MonthlySummaryCard.swift */; };
		5ED3E0F52FD1BECE003083F0 /* HomeBottomBar.swift in Sources */ = {isa = PBXBuildFile; fileRef = 5ED3E0F42FD1BECE003083F0 /* HomeBottomBar.swift */; };
		5ED3E0F72FD1BEE2003083F0 /* HomeView.swift in Sources */ = {isa = PBXBuildFile; fileRef = 5ED3E0F62FD1BEE2003083F0 /* HomeView.swift */; };
/* End PBXBuildFile section */

/* Begin PBXContainerItemProxy section */
		5E31E5222FD16A0200FF83C8 /* PBXContainerItemProxy */ = {
			isa = PBXContainerItemProxy;
			containerPortal = 5E31E5082FD16A0100FF83C8 /* Project object */;
			proxyType = 1;
			remoteGlobalIDString = 5E31E50F2FD16A0100FF83C8;
			remoteInfo = OshRat;
		};
		5E31E52C2FD16A0200FF83C8 /* PBXContainerItemProxy */ = {
			isa = PBXContainerItemProxy;
			containerPortal = 5E31E5082FD16A0100FF83C8 /* Project object */;
			proxyType = 1;
			remoteGlobalIDString = 5E31E50F2FD16A0100FF83C8;
			remoteInfo = OshRat;
		};
/* End PBXContainerItemProxy section */

/* Begin PBXFileReference section */
		5E2626BE2FD1716600180F49 /* OshRat.xctestplan */ = {isa = PBXFileReference; lastKnownFileType = text; path = OshRat.xctestplan; sourceTree = "<group>"; };
		5E2626C02FD1821F00180F49 /* OnboardingViewModel.swift */ = {isa = PBXFileReference; lastKnownFileType = sourcecode.swift; path = OnboardingViewModel.swift; sourceTree = "<group>"; };
		5E2626C32FD1824A00180F49 /* WelcomeView.swift */ = {isa = PBXFileReference; lastKnownFileType = sourcecode.swift; path = WelcomeView.swift; sourceTree = "<group>"; };
		5E2626C42FD1826600180F49 /* PersonalDetailsStepView.swift */ = {isa = PBXFileReference; lastKnownFileType = sourcecode.swift; path = PersonalDetailsStepView.swift; sourceTree = "<group>"; };
		5E2626C52FD1828300180F49 /* AccountEditorSheet.swift */ = {isa = PBXFileReference; lastKnownFileType = sourcecode.swift; path = AccountEditorSheet.swift; sourceTree = "<group>"; };
		5E2626C62FD1829C00180F49 /* AccountsStepView.swift */ = {isa = PBXFileReference; lastKnownFileType = sourcecode.swift; path = AccountsStepView.swift; sourceTree = "<group>"; };
		5E2626C72FD182BF00180F49 /* OnboardingFlowView.swift */ = {isa = PBXFileReference; lastKnownFileType = sourcecode.swift; path = OnboardingFlowView.swift; sourceTree = "<group>"; };
		5E31E5102FD16A0100FF83C8 /* OshRat.app */ = {isa = PBXFileReference; explicitFileType = wrapper.application; includeInIndex = 0; path = OshRat.app; sourceTree = BUILT_PRODUCTS_DIR; };
		5E31E5212FD16A0200FF83C8 /* OshRatTests.xctest */ = {isa = PBXFileReference; explicitFileType = wrapper.cfbundle; includeInIndex = 0; path = OshRatTests.xctest; sourceTree = BUILT_PRODUCTS_DIR; };
		5E31E52B2FD16A0200FF83C8 /* OshRatUITests.xctest */ = {isa = PBXFileReference; explicitFileType = wrapper.cfbundle; includeInIndex = 0; path = OshRatUITests.xctest; sourceTree = BUILT_PRODUCTS_DIR; };
		5E31E53F2FD16ABE00FF83C8 /* CLAUDE.md */ = {isa = PBXFileReference; lastKnownFileType = net.daringfireball.markdown; path = CLAUDE.md; sourceTree = "<group>"; };
		5E31E5422FD16B6D00FF83C8 /* Account.swift */ = {isa = PBXFileReference; lastKnownFileType = sourcecode.swift; path = Account.swift; sourceTree = "<group>"; };
		5E31E5432FD16B6D00FF83C8 /* BudgetItem.swift */ = {isa = PBXFileReference; lastKnownFileType = sourcecode.swift; path = BudgetItem.swift; sourceTree = "<group>"; };
		5E31E5442FD16B6D00FF83C8 /* Category.swift */ = {isa = PBXFileReference; lastKnownFileType = sourcecode.swift; path = Category.swift; sourceTree = "<group>"; };
		5E31E5452FD16B6D00FF83C8 /* Goal.swift */ = {isa = PBXFileReference; lastKnownFileType = sourcecode.swift; path = Goal.swift; sourceTree = "<group>"; };
		5E31E5472FD16B6D00FF83C8 /* SeedData.swift */ = {isa = PBXFileReference; lastKnownFileType = sourcecode.swift; path = SeedData.swift; sourceTree = "<group>"; };
		5E31E5482FD16B6D00FF83C8 /* SharedEnums.swift */ = {isa = PBXFileReference; lastKnownFileType = sourcecode.swift; path = SharedEnums.swift; sourceTree = "<group>"; };
		5E31E5492FD16B6D00FF83C8 /* Transaction.swift */ = {isa = PBXFileReference; lastKnownFileType = sourcecode.swift; path = Transaction.swift; sourceTree = "<group>"; };
		5E31E54A2FD16B6D00FF83C8 /* UserProfile.swift */ = {isa = PBXFileReference; lastKnownFileType = sourcecode.swift; path = UserProfile.swift; sourceTree = "<group>"; };
		5E47939D2FD2014100568427 /* IncomeSourceEditorSheet.swift */ = {isa = PBXFileReference; lastKnownFileType = sourcecode.swift; path = IncomeSourceEditorSheet.swift; sourceTree = "<group>"; };
		5E47939F2FD2017300568427 /* PlannedExpenseEditorSheet.swift */ = {isa = PBXFileReference; lastKnownFileType = sourcecode.swift; path = PlannedExpenseEditorSheet.swift; sourceTree = "<group>"; };
		5E4793A12FD201AC00568427 /* BudgetStepView.swift */ = {isa = PBXFileReference; lastKnownFileType = sourcecode.swift; path = BudgetStepView.swift; sourceTree = "<group>"; };
		5E4793A32FD2021F00568427 /* BudgetSummaryCard.swift */ = {isa = PBXFileReference; lastKnownFileType = sourcecode.swift; path = BudgetSummaryCard.swift; sourceTree = "<group>"; };
		5E4793A62FD207EA00568427 /* Theme.swift */ = {isa = PBXFileReference; lastKnownFileType = sourcecode.swift; path = Theme.swift; sourceTree = "<group>"; };
		5E8EB3A42FD2F8E70037E1F3 /* FXRateSnapshot.swift */ = {isa = PBXFileReference; lastKnownFileType = sourcecode.swift; path = FXRateSnapshot.swift; sourceTree = "<group>"; };
		5E8EB3A92FD2F9070037E1F3 /* FXRatesService.swift */ = {isa = PBXFileReference; lastKnownFileType = sourcecode.swift; path = FXRatesService.swift; sourceTree = "<group>"; };
		5E8EB3AA2FD2F9240037E1F3 /* CurrencyConverter.swift */ = {isa = PBXFileReference; lastKnownFileType = sourcecode.swift; path = CurrencyConverter.swift; sourceTree = "<group>"; };
		5ED3E0E72FD1BB4D003083F0 /* Holding.swift */ = {isa = PBXFileReference; lastKnownFileType = sourcecode.swift; path = Holding.swift; sourceTree = "<group>"; };
		5ED3E0EB2FD1BB9D003083F0 /* HoldingEditorView.swift */ = {isa = PBXFileReference; lastKnownFileType = sourcecode.swift; path = HoldingEditorView.swift; sourceTree = "<group>"; };
		5ED3E0EE2FD1BE69003083F0 /* GreetingHeaderView.swift */ = {isa = PBXFileReference; lastKnownFileType = sourcecode.swift; path = GreetingHeaderView.swift; sourceTree = "<group>"; };
		5ED3E0F02FD1BE8C003083F0 /* AssetsSummaryCard.swift */ = {isa = PBXFileReference; lastKnownFileType = sourcecode.swift; path = AssetsSummaryCard.swift; sourceTree = "<group>"; };
		5ED3E0F22FD1BEB4003083F0 /* MonthlySummaryCard.swift */ = {isa = PBXFileReference; lastKnownFileType = sourcecode.swift; path = MonthlySummaryCard.swift; sourceTree = "<group>"; };
		5ED3E0F42FD1BECE003083F0 /* HomeBottomBar.swift */ = {isa = PBXFileReference; lastKnownFileType = sourcecode.swift; path = HomeBottomBar.swift; sourceTree = "<group>"; };
		5ED3E0F62FD1BEE2003083F0 /* HomeView.swift */ = {isa = PBXFileReference; lastKnownFileType = sourcecode.swift; path = HomeView.swift; sourceTree = "<group>"; };
/* End PBXFileReference section */

/* Begin PBXFileSystemSynchronizedBuildFileExceptionSet section */
		5E31E5332FD16A0200FF83C8 /* Exceptions for "OshRat" folder in "OshRat" target */ = {
			isa = PBXFileSystemSynchronizedBuildFileExceptionSet;
			membershipExceptions = (
				Info.plist,
			);
			target = 5E31E50F2FD16A0100FF83C8 /* OshRat */;
		};
/* End PBXFileSystemSynchronizedBuildFileExceptionSet section */

/* Begin PBXFileSystemSynchronizedRootGroup section */
		5E31E5122FD16A0100FF83C8 /* OshRat */ = {
			isa = PBXFileSystemSynchronizedRootGroup;
			exceptions = (
				5E31E5332FD16A0200FF83C8 /* Exceptions for "OshRat" folder in "OshRat" target */,
			);
			path = OshRat;
			sourceTree = "<group>";
		};
		5E31E5242FD16A0200FF83C8 /* OshRatTests */ = {
			isa = PBXFileSystemSynchronizedRootGroup;
			path = OshRatTests;
			sourceTree = "<group>";
		};
		5E31E52E2FD16A0200FF83C8 /* OshRatUITests */ = {
			isa = PBXFileSystemSynchronizedRootGroup;
			path = OshRatUITests;
			sourceTree = "<group>";
		};
/* End PBXFileSystemSynchronizedRootGroup section */

/* Begin PBXFrameworksBuildPhase section */
		5E31E50D2FD16A0100FF83C8 /* Frameworks */ = {
			isa = PBXFrameworksBuildPhase;
			buildActionMask = 2147483647;
			files = (
			);
			runOnlyForDeploymentPostprocessing = 0;
		};
		5E31E51E2FD16A0200FF83C8 /* Frameworks */ = {
			isa = PBXFrameworksBuildPhase;
			buildActionMask = 2147483647;
			files = (
			);
			runOnlyForDeploymentPostprocessing = 0;
		};
		5E31E5282FD16A0200FF83C8 /* Frameworks */ = {
			isa = PBXFrameworksBuildPhase;
			buildActionMask = 2147483647;
			files = (
			);
			runOnlyForDeploymentPostprocessing = 0;
		};
/* End PBXFrameworksBuildPhase section */

/* Begin PBXGroup section */
		5E2626BF2FD1821F00180F49 /* ViewModels */ = {
			isa = PBXGroup;
			children = (
				5E2626C02FD1821F00180F49 /* OnboardingViewModel.swift */,
			);
			path = ViewModels;
			sourceTree = "<group>";
		};
		5E2626C12FD1823B00180F49 /* Views */ = {
			isa = PBXGroup;
			children = (
				5E2626C22FD1823E00180F49 /* Onboarding */,
				5ED3E0ED2FD1BE5C003083F0 /* Home */,
			);
			path = Views;
			sourceTree = "<group>";
		};
		5E2626C22FD1823E00180F49 /* Onboarding */ = {
			isa = PBXGroup;
			children = (
				5E2626C32FD1824A00180F49 /* WelcomeView.swift */,
				5E2626C42FD1826600180F49 /* PersonalDetailsStepView.swift */,
				5E2626C52FD1828300180F49 /* AccountEditorSheet.swift */,
				5E2626C62FD1829C00180F49 /* AccountsStepView.swift */,
				5E2626C72FD182BF00180F49 /* OnboardingFlowView.swift */,
				5ED3E0EB2FD1BB9D003083F0 /* HoldingEditorView.swift */,
				5E47939D2FD2014100568427 /* IncomeSourceEditorSheet.swift */,
				5E47939F2FD2017300568427 /* PlannedExpenseEditorSheet.swift */,
				5E4793A12FD201AC00568427 /* BudgetStepView.swift */,
			);
			path = Onboarding;
			sourceTree = "<group>";
		};
		5E31E5072FD16A0100FF83C8 = {
			isa = PBXGroup;
			children = (
				5E4793A52FD2075F00568427 /* DesignSystem */,
				5E2626BE2FD1716600180F49 /* OshRat.xctestplan */,
				5E31E5412FD16B4400FF83C8 /* Models */,
				5E31E53F2FD16ABE00FF83C8 /* CLAUDE.md */,
				5E31E5122FD16A0100FF83C8 /* OshRat */,
				5E31E5242FD16A0200FF83C8 /* OshRatTests */,
				5E31E52E2FD16A0200FF83C8 /* OshRatUITests */,
				5E31E5112FD16A0100FF83C8 /* Products */,
				5E2626BF2FD1821F00180F49 /* ViewModels */,
				5E2626C12FD1823B00180F49 /* Views */,
				5E8EB3A82FD2F9070037E1F3 /* Services */,
			);
			sourceTree = "<group>";
		};
		5E31E5112FD16A0100FF83C8 /* Products */ = {
			isa = PBXGroup;
			children = (
				5E31E5102FD16A0100FF83C8 /* OshRat.app */,
				5E31E5212FD16A0200FF83C8 /* OshRatTests.xctest */,
				5E31E52B2FD16A0200FF83C8 /* OshRatUITests.xctest */,
			);
			name = Products;
			sourceTree = "<group>";
		};
		5E31E5412FD16B4400FF83C8 /* Models */ = {
			isa = PBXGroup;
			children = (
				5E31E5422FD16B6D00FF83C8 /* Account.swift */,
				5E31E5432FD16B6D00FF83C8 /* BudgetItem.swift */,
				5E31E5442FD16B6D00FF83C8 /* Category.swift */,
				5E31E5452FD16B6D00FF83C8 /* Goal.swift */,
				5E31E5472FD16B6D00FF83C8 /* SeedData.swift */,
				5E31E5482FD16B6D00FF83C8 /* SharedEnums.swift */,
				5E31E5492FD16B6D00FF83C8 /* Transaction.swift */,
				5E31E54A2FD16B6D00FF83C8 /* UserProfile.swift */,
				5ED3E0E72FD1BB4D003083F0 /* Holding.swift */,
				5E8EB3A42FD2F8E70037E1F3 /* FXRateSnapshot.swift */,
			);
			path = Models;
			sourceTree = "<group>";
		};
		5E4793A52FD2075F00568427 /* DesignSystem */ = {
			isa = PBXGroup;
			children = (
				5E4793A62FD207EA00568427 /* Theme.swift */,
			);
			path = DesignSystem;
			sourceTree = "<group>";
		};
		5E8EB3A82FD2F9070037E1F3 /* Services */ = {
			isa = PBXGroup;
			children = (
				5E8EB3A92FD2F9070037E1F3 /* FXRatesService.swift */,
				5E8EB3AA2FD2F9240037E1F3 /* CurrencyConverter.swift */,
			);
			path = Services;
			sourceTree = "<group>";
		};
		5ED3E0ED2FD1BE5C003083F0 /* Home */ = {
			isa = PBXGroup;
			children = (
				5ED3E0EE2FD1BE69003083F0 /* GreetingHeaderView.swift */,
				5ED3E0F02FD1BE8C003083F0 /* AssetsSummaryCard.swift */,
				5ED3E0F22FD1BEB4003083F0 /* MonthlySummaryCard.swift */,
				5ED3E0F42FD1BECE003083F0 /* HomeBottomBar.swift */,
				5ED3E0F62FD1BEE2003083F0 /* HomeView.swift */,
				5E4793A32FD2021F00568427 /* BudgetSummaryCard.swift */,
			);
			path = Home;
			sourceTree = "<group>";
		};
/* End PBXGroup section */

/* Begin PBXNativeTarget section */
		5E31E50F2FD16A0100FF83C8 /* OshRat */ = {
			isa = PBXNativeTarget;
			buildConfigurationList = 5E31E5342FD16A0200FF83C8 /* Build configuration list for PBXNativeTarget "OshRat" */;
			buildPhases = (
				5E31E50C2FD16A0100FF83C8 /* Sources */,
				5E31E50D2FD16A0100FF83C8 /* Frameworks */,
				5E31E50E2FD16A0100FF83C8 /* Resources */,
			);
			buildRules = (
			);
			dependencies = (
			);
			fileSystemSynchronizedGroups = (
				5E31E5122FD16A0100FF83C8 /* OshRat */,
			);
			name = OshRat;
			packageProductDependencies = (
			);
			productName = OshRat;
			productReference = 5E31E5102FD16A0100FF83C8 /* OshRat.app */;
			productType = "com.apple.product-type.application";
		};
		5E31E5202FD16A0200FF83C8 /* OshRatTests */ = {
			isa = PBXNativeTarget;
			buildConfigurationList = 5E31E5392FD16A0200FF83C8 /* Build configuration list for PBXNativeTarget "OshRatTests" */;
			buildPhases = (
				5E31E51D2FD16A0200FF83C8 /* Sources */,
				5E31E51E2FD16A0200FF83C8 /* Frameworks */,
				5E31E51F2FD16A0200FF83C8 /* Resources */,
			);
			buildRules = (
			);
			dependencies = (
				5E31E5232FD16A0200FF83C8 /* PBXTargetDependency */,
			);
			fileSystemSynchronizedGroups = (
				5E31E5242FD16A0200FF83C8 /* OshRatTests */,
			);
			name = OshRatTests;
			packageProductDependencies = (
			);
			productName = OshRatTests;
			productReference = 5E31E5212FD16A0200FF83C8 /* OshRatTests.xctest */;
			productType = "com.apple.product-type.bundle.unit-test";
		};
		5E31E52A2FD16A0200FF83C8 /* OshRatUITests */ = {
			isa = PBXNativeTarget;
			buildConfigurationList = 5E31E53C2FD16A0200FF83C8 /* Build configuration list for PBXNativeTarget "OshRatUITests" */;
			buildPhases = (
				5E31E5272FD16A0200FF83C8 /* Sources */,
				5E31E5282FD16A0200FF83C8 /* Frameworks */,
				5E31E5292FD16A0200FF83C8 /* Resources */,
			);
			buildRules = (
			);
			dependencies = (
				5E31E52D2FD16A0200FF83C8 /* PBXTargetDependency */,
			);
			fileSystemSynchronizedGroups = (
				5E31E52E2FD16A0200FF83C8 /* OshRatUITests */,
			);
			name = OshRatUITests;
			packageProductDependencies = (
			);
			productName = OshRatUITests;
			productReference = 5E31E52B2FD16A0200FF83C8 /* OshRatUITests.xctest */;
			productType = "com.apple.product-type.bundle.ui-testing";
		};
/* End PBXNativeTarget section */

/* Begin PBXProject section */
		5E31E5082FD16A0100FF83C8 /* Project object */ = {
			isa = PBXProject;
			attributes = {
				BuildIndependentTargetsInParallel = 1;
				LastSwiftUpdateCheck = 2650;
				LastUpgradeCheck = 2650;
				TargetAttributes = {
					5E31E50F2FD16A0100FF83C8 = {
						CreatedOnToolsVersion = 26.5;
					};
					5E31E5202FD16A0200FF83C8 = {
						CreatedOnToolsVersion = 26.5;
						TestTargetID = 5E31E50F2FD16A0100FF83C8;
					};
					5E31E52A2FD16A0200FF83C8 = {
						CreatedOnToolsVersion = 26.5;
						TestTargetID = 5E31E50F2FD16A0100FF83C8;
					};
				};
			};
			buildConfigurationList = 5E31E50B2FD16A0100FF83C8 /* Build configuration list for PBXProject "OshRat" */;
			developmentRegion = en;
			hasScannedForEncodings = 0;
			knownRegions = (
				en,
				Base,
			);
			mainGroup = 5E31E5072FD16A0100FF83C8;
			minimizedProjectReferenceProxies = 1;
			preferredProjectObjectVersion = 77;
			productRefGroup = 5E31E5112FD16A0100FF83C8 /* Products */;
			projectDirPath = "";
			projectRoot = "";
			targets = (
				5E31E50F2FD16A0100FF83C8 /* OshRat */,
				5E31E5202FD16A0200FF83C8 /* OshRatTests */,
				5E31E52A2FD16A0200FF83C8 /* OshRatUITests */,
			);
		};
/* End PBXProject section */

/* Begin PBXResourcesBuildPhase section */
		5E31E50E2FD16A0100FF83C8 /* Resources */ = {
			isa = PBXResourcesBuildPhase;
			buildActionMask = 2147483647;
			files = (
				5E31E5402FD16ABE00FF83C8 /* CLAUDE.md in Resources */,
			);
			runOnlyForDeploymentPostprocessing = 0;
		};
		5E31E51F2FD16A0200FF83C8 /* Resources */ = {
			isa = PBXResourcesBuildPhase;
			buildActionMask = 2147483647;
			files = (
			);
			runOnlyForDeploymentPostprocessing = 0;
		};
		5E31E5292FD16A0200FF83C8 /* Resources */ = {
			isa = PBXResourcesBuildPhase;
			buildActionMask = 2147483647;
			files = (
			);
			runOnlyForDeploymentPostprocessing = 0;
		};
/* End PBXResourcesBuildPhase section */

/* Begin PBXSourcesBuildPhase section */
		5E31E50C2FD16A0100FF83C8 /* Sources */ = {
			isa = PBXSourcesBuildPhase;
			buildActionMask = 2147483647;
			files = (
				5E31E54B2FD16B6D00FF83C8 /* UserProfile.swift in Sources */,
				5ED3E0F12FD1BE8C003083F0 /* AssetsSummaryCard.swift in Sources */,
				5E4793A02FD2017300568427 /* PlannedExpenseEditorSheet.swift in Sources */,
				5E31E54C2FD16B6D00FF83C8 /* BudgetItem.swift in Sources */,
				5E31E54D2FD16B6D00FF83C8 /* Goal.swift in Sources */,
				5E47939E2FD2014100568427 /* IncomeSourceEditorSheet.swift in Sources */,
				5ED3E0E82FD1BB4D003083F0 /* Holding.swift in Sources */,
				5E31E54F2FD16B6D00FF83C8 /* SharedEnums.swift in Sources */,
				5E2626C82FD1846400180F49 /* WelcomeView.swift in Sources */,
				5E2626C92FD1846400180F49 /* AccountsStepView.swift in Sources */,
				5E4793A42FD2021F00568427 /* BudgetSummaryCard.swift in Sources */,
				5E8EB3A32FD2F5060037E1F3 /* Theme.swift in Sources */,
				5ED3E0EF2FD1BE69003083F0 /* GreetingHeaderView.swift in Sources */,
				5ED3E0F52FD1BECE003083F0 /* HomeBottomBar.swift in Sources */,
				5E2626CA2FD1846400180F49 /* OnboardingFlowView.swift in Sources */,
				5E2626CB2FD1846400180F49 /* OnboardingViewModel.swift in Sources */,
				5E2626CC2FD1846400180F49 /* PersonalDetailsStepView.swift in Sources */,
				5ED3E0F32FD1BEB4003083F0 /* MonthlySummaryCard.swift in Sources */,
				5E2626CD2FD1846400180F49 /* AccountEditorSheet.swift in Sources */,
				5E31E5502FD16B6D00FF83C8 /* Category.swift in Sources */,
				5E31E5512FD16B6D00FF83C8 /* Transaction.swift in Sources */,
				5E8EB3A72FD2F8E70037E1F3 /* FXRateSnapshot.swift in Sources */,
				5E4793A22FD201AC00568427 /* BudgetStepView.swift in Sources */,
				5ED3E0EC2FD1BB9D003083F0 /* HoldingEditorView.swift in Sources */,
				5E31E5522FD16B6D00FF83C8 /* SeedData.swift in Sources */,
				5ED3E0F72FD1BEE2003083F0 /* HomeView.swift in Sources */,
				5E8EB3AB2FD2F9B30037E1F3 /* FXRatesService.swift in Sources */,
				5E8EB3AC2FD2F9B30037E1F3 /* CurrencyConverter.swift in Sources */,
				5E31E5532FD16B6D00FF83C8 /* Account.swift in Sources */,
			);
			runOnlyForDeploymentPostprocessing = 0;
		};
		5E31E51D2FD16A0200FF83C8 /* Sources */ = {
			isa = PBXSourcesBuildPhase;
			buildActionMask = 2147483647;
			files = (
				5E31E55D2FD16B6D00FF83C8 /* UserProfile.swift in Sources */,
				5ED3E0E92FD1BB4D003083F0 /* Holding.swift in Sources */,
				5E31E55E2FD16B6D00FF83C8 /* BudgetItem.swift in Sources */,
				5E31E55F2FD16B6D00FF83C8 /* Goal.swift in Sources */,
				5E31E5612FD16B6D00FF83C8 /* SharedEnums.swift in Sources */,
				5E31E5622FD16B6D00FF83C8 /* Category.swift in Sources */,
				5E31E5632FD16B6D00FF83C8 /* Transaction.swift in Sources */,
				5E8EB3A62FD2F8E70037E1F3 /* FXRateSnapshot.swift in Sources */,
				5E31E5642FD16B6D00FF83C8 /* SeedData.swift in Sources */,
				5E31E5652FD16B6D00FF83C8 /* Account.swift in Sources */,
			);
			runOnlyForDeploymentPostprocessing = 0;
		};
		5E31E5272FD16A0200FF83C8 /* Sources */ = {
			isa = PBXSourcesBuildPhase;
			buildActionMask = 2147483647;
			files = (
				5E31E5542FD16B6D00FF83C8 /* UserProfile.swift in Sources */,
				5ED3E0EA2FD1BB4D003083F0 /* Holding.swift in Sources */,
				5E31E5552FD16B6D00FF83C8 /* BudgetItem.swift in Sources */,
				5E31E5562FD16B6D00FF83C8 /* Goal.swift in Sources */,
				5E31E5582FD16B6D00FF83C8 /* SharedEnums.swift in Sources */,
				5E31E5592FD16B6D00FF83C8 /* Category.swift in Sources */,
				5E31E55A2FD16B6D00FF83C8 /* Transaction.swift in Sources */,
				5E8EB3A52FD2F8E70037E1F3 /* FXRateSnapshot.swift in Sources */,
				5E31E55B2FD16B6D00FF83C8 /* SeedData.swift in Sources */,
				5E31E55C2FD16B6D00FF83C8 /* Account.swift in Sources */,
			);
			runOnlyForDeploymentPostprocessing = 0;
		};
/* End PBXSourcesBuildPhase section */

/* Begin PBXTargetDependency section */
		5E31E5232FD16A0200FF83C8 /* PBXTargetDependency */ = {
			isa = PBXTargetDependency;
			target = 5E31E50F2FD16A0100FF83C8 /* OshRat */;
			targetProxy = 5E31E5222FD16A0200FF83C8 /* PBXContainerItemProxy */;
		};
		5E31E52D2FD16A0200FF83C8 /* PBXTargetDependency */ = {
			isa = PBXTargetDependency;
			target = 5E31E50F2FD16A0100FF83C8 /* OshRat */;
			targetProxy = 5E31E52C2FD16A0200FF83C8 /* PBXContainerItemProxy */;
		};
/* End PBXTargetDependency section */

/* Begin XCBuildConfiguration section */
		5E31E5352FD16A0200FF83C8 /* Debug */ = {
			isa = XCBuildConfiguration;
			buildSettings = {
				ASSETCATALOG_COMPILER_APPICON_NAME = AppIcon;
				ASSETCATALOG_COMPILER_GLOBAL_ACCENT_COLOR_NAME = AccentColor;
				CODE_SIGN_ENTITLEMENTS = OshRat/OshRat.entitlements;
				CODE_SIGN_STYLE = Automatic;
				CURRENT_PROJECT_VERSION = 1;
				DEVELOPMENT_TEAM = 2MS46CGTB3;
				ENABLE_PREVIEWS = YES;
				GENERATE_INFOPLIST_FILE = YES;
				INFOPLIST_FILE = OshRat/Info.plist;
				INFOPLIST_KEY_CFBundleDisplayName = "עכבר עו״ש";
				INFOPLIST_KEY_LSApplicationCategoryType = "public.app-category.finance";
				INFOPLIST_KEY_UIApplicationSceneManifest_Generation = YES;
				INFOPLIST_KEY_UIApplicationSupportsIndirectInputEvents = YES;
				INFOPLIST_KEY_UILaunchScreen_Generation = YES;
				INFOPLIST_KEY_UISupportedInterfaceOrientations_iPad = "UIInterfaceOrientationPortrait UIInterfaceOrientationPortraitUpsideDown UIInterfaceOrientationLandscapeLeft UIInterfaceOrientationLandscapeRight";
				INFOPLIST_KEY_UISupportedInterfaceOrientations_iPhone = "UIInterfaceOrientationPortrait UIInterfaceOrientationLandscapeLeft UIInterfaceOrientationLandscapeRight";
				LD_RUNPATH_SEARCH_PATHS = (
					"$(inherited)",
					"@executable_path/Frameworks",
				);
				MARKETING_VERSION = 1.0;
				PRODUCT_BUNDLE_IDENTIFIER = com.rotem.OshRat;
				PRODUCT_NAME = "$(TARGET_NAME)";
				STRING_CATALOG_GENERATE_SYMBOLS = YES;
				SWIFT_APPROACHABLE_CONCURRENCY = YES;
				SWIFT_DEFAULT_ACTOR_ISOLATION = MainActor;
				SWIFT_EMIT_LOC_STRINGS = YES;
				SWIFT_UPCOMING_FEATURE_MEMBER_IMPORT_VISIBILITY = YES;
				SWIFT_VERSION = 5.0;
				TARGETED_DEVICE_FAMILY = "1,2";
			};
			name = Debug;
		};
		5E31E5362FD16A0200FF83C8 /* Release */ = {
			isa = XCBuildConfiguration;
			buildSettings = {
				ASSETCATALOG_COMPILER_APPICON_NAME = AppIcon;
				ASSETCATALOG_COMPILER_GLOBAL_ACCENT_COLOR_NAME = AccentColor;
				CODE_SIGN_ENTITLEMENTS = OshRat/OshRat.entitlements;
				CODE_SIGN_STYLE = Automatic;
				CURRENT_PROJECT_VERSION = 1;
				DEVELOPMENT_TEAM = 2MS46CGTB3;
				ENABLE_PREVIEWS = YES;
				GENERATE_INFOPLIST_FILE = YES;
				INFOPLIST_FILE = OshRat/Info.plist;
				INFOPLIST_KEY_CFBundleDisplayName = "עכבר עו״ש";
				INFOPLIST_KEY_LSApplicationCategoryType = "public.app-category.finance";
				INFOPLIST_KEY_UIApplicationSceneManifest_Generation = YES;
				INFOPLIST_KEY_UIApplicationSupportsIndirectInputEvents = YES;
				INFOPLIST_KEY_UILaunchScreen_Generation = YES;
				INFOPLIST_KEY_UISupportedInterfaceOrientations_iPad = "UIInterfaceOrientationPortrait UIInterfaceOrientationPortraitUpsideDown UIInterfaceOrientationLandscapeLeft UIInterfaceOrientationLandscapeRight";
				INFOPLIST_KEY_UISupportedInterfaceOrientations_iPhone = "UIInterfaceOrientationPortrait UIInterfaceOrientationLandscapeLeft UIInterfaceOrientationLandscapeRight";
				LD_RUNPATH_SEARCH_PATHS = (
					"$(inherited)",
					"@executable_path/Frameworks",
				);
				MARKETING_VERSION = 1.0;
				PRODUCT_BUNDLE_IDENTIFIER = com.rotem.OshRat;
				PRODUCT_NAME = "$(TARGET_NAME)";
				STRING_CATALOG_GENERATE_SYMBOLS = YES;
				SWIFT_APPROACHABLE_CONCURRENCY = YES;
				SWIFT_DEFAULT_ACTOR_ISOLATION = MainActor;
				SWIFT_EMIT_LOC_STRINGS = YES;
				SWIFT_UPCOMING_FEATURE_MEMBER_IMPORT_VISIBILITY = YES;
				SWIFT_VERSION = 5.0;
				TARGETED_DEVICE_FAMILY = "1,2";
			};
			name = Release;
		};
		5E31E5372FD16A0200FF83C8 /* Debug */ = {
			isa = XCBuildConfiguration;
			buildSettings = {
				ALWAYS_SEARCH_USER_PATHS = NO;
				ASSETCATALOG_COMPILER_GENERATE_SWIFT_ASSET_SYMBOL_EXTENSIONS = YES;
				CLANG_ANALYZER_NONNULL = YES;
				CLANG_ANALYZER_NUMBER_OBJECT_CONVERSION = YES_AGGRESSIVE;
				CLANG_CXX_LANGUAGE_STANDARD = "gnu++20";
				CLANG_ENABLE_MODULES = YES;
				CLANG_ENABLE_OBJC_ARC = YES;
				CLANG_ENABLE_OBJC_WEAK = YES;
				CLANG_WARN_BLOCK_CAPTURE_AUTORELEASING = YES;
				CLANG_WARN_BOOL_CONVERSION = YES;
				CLANG_WARN_COMMA = YES;
				CLANG_WARN_CONSTANT_CONVERSION = YES;
				CLANG_WARN_DEPRECATED_OBJC_IMPLEMENTATIONS = YES;
				CLANG_WARN_DIRECT_OBJC_ISA_USAGE = YES_ERROR;
				CLANG_WARN_DOCUMENTATION_COMMENTS = YES;
				CLANG_WARN_EMPTY_BODY = YES;
				CLANG_WARN_ENUM_CONVERSION = YES;
				CLANG_WARN_INFINITE_RECURSION = YES;
				CLANG_WARN_INT_CONVERSION = YES;
				CLANG_WARN_NON_LITERAL_NULL_CONVERSION = YES;
				CLANG_WARN_OBJC_IMPLICIT_RETAIN_SELF = YES;
				CLANG_WARN_OBJC_LITERAL_CONVERSION = YES;
				CLANG_WARN_OBJC_ROOT_CLASS = YES_ERROR;
				CLANG_WARN_QUOTED_INCLUDE_IN_FRAMEWORK_HEADER = YES;
				CLANG_WARN_RANGE_LOOP_ANALYSIS = YES;
				CLANG_WARN_STRICT_PROTOTYPES = YES;
				CLANG_WARN_SUSPICIOUS_MOVE = YES;
				CLANG_WARN_UNGUARDED_AVAILABILITY = YES_AGGRESSIVE;
				CLANG_WARN_UNREACHABLE_CODE = YES;
				CLANG_WARN__DUPLICATE_METHOD_MATCH = YES;
				COPY_PHASE_STRIP = NO;
				DEBUG_INFORMATION_FORMAT = dwarf;
				DEVELOPMENT_TEAM = 2MS46CGTB3;
				ENABLE_STRICT_OBJC_MSGSEND = YES;
				ENABLE_TESTABILITY = YES;
				ENABLE_USER_SCRIPT_SANDBOXING = YES;
				GCC_C_LANGUAGE_STANDARD = gnu17;
				GCC_DYNAMIC_NO_PIC = NO;
				GCC_NO_COMMON_BLOCKS = YES;
				GCC_OPTIMIZATION_LEVEL = 0;
				GCC_PREPROCESSOR_DEFINITIONS = (
					"DEBUG=1",
					"$(inherited)",
				);
				GCC_WARN_64_TO_32_BIT_CONVERSION = YES;
				GCC_WARN_ABOUT_RETURN_TYPE = YES_ERROR;
				GCC_WARN_UNDECLARED_SELECTOR = YES;
				GCC_WARN_UNINITIALIZED_AUTOS = YES_AGGRESSIVE;
				GCC_WARN_UNUSED_FUNCTION = YES;
				GCC_WARN_UNUSED_VARIABLE = YES;
				IPHONEOS_DEPLOYMENT_TARGET = 26.5;
				LOCALIZATION_PREFERS_STRING_CATALOGS = YES;
				MTL_ENABLE_DEBUG_INFO = INCLUDE_SOURCE;
				MTL_FAST_MATH = YES;
				ONLY_ACTIVE_ARCH = YES;
				SDKROOT = iphoneos;
				SWIFT_ACTIVE_COMPILATION_CONDITIONS = "DEBUG $(inherited)";
				SWIFT_OPTIMIZATION_LEVEL = "-Onone";
			};
			name = Debug;
		};
		5E31E5382FD16A0200FF83C8 /* Release */ = {
			isa = XCBuildConfiguration;
			buildSettings = {
				ALWAYS_SEARCH_USER_PATHS = NO;
				ASSETCATALOG_COMPILER_GENERATE_SWIFT_ASSET_SYMBOL_EXTENSIONS = YES;
				CLANG_ANALYZER_NONNULL = YES;
				CLANG_ANALYZER_NUMBER_OBJECT_CONVERSION = YES_AGGRESSIVE;
				CLANG_CXX_LANGUAGE_STANDARD = "gnu++20";
				CLANG_ENABLE_MODULES = YES;
				CLANG_ENABLE_OBJC_ARC = YES;
				CLANG_ENABLE_OBJC_WEAK = YES;
				CLANG_WARN_BLOCK_CAPTURE_AUTORELEASING = YES;
				CLANG_WARN_BOOL_CONVERSION = YES;
				CLANG_WARN_COMMA = YES;
				CLANG_WARN_CONSTANT_CONVERSION = YES;
				CLANG_WARN_DEPRECATED_OBJC_IMPLEMENTATIONS = YES;
				CLANG_WARN_DIRECT_OBJC_ISA_USAGE = YES_ERROR;
				CLANG_WARN_DOCUMENTATION_COMMENTS = YES;
				CLANG_WARN_EMPTY_BODY = YES;
				CLANG_WARN_ENUM_CONVERSION = YES;
				CLANG_WARN_INFINITE_RECURSION = YES;
				CLANG_WARN_INT_CONVERSION = YES;
				CLANG_WARN_NON_LITERAL_NULL_CONVERSION = YES;
				CLANG_WARN_OBJC_IMPLICIT_RETAIN_SELF = YES;
				CLANG_WARN_OBJC_LITERAL_CONVERSION = YES;
				CLANG_WARN_OBJC_ROOT_CLASS = YES_ERROR;
				CLANG_WARN_QUOTED_INCLUDE_IN_FRAMEWORK_HEADER = YES;
				CLANG_WARN_RANGE_LOOP_ANALYSIS = YES;
				CLANG_WARN_STRICT_PROTOTYPES = YES;
				CLANG_WARN_SUSPICIOUS_MOVE = YES;
				CLANG_WARN_UNGUARDED_AVAILABILITY = YES_AGGRESSIVE;
				CLANG_WARN_UNREACHABLE_CODE = YES;
				CLANG_WARN__DUPLICATE_METHOD_MATCH = YES;
				COPY_PHASE_STRIP = NO;
				DEBUG_INFORMATION_FORMAT = "dwarf-with-dsym";
				DEVELOPMENT_TEAM = 2MS46CGTB3;
				ENABLE_NS_ASSERTIONS = NO;
				ENABLE_STRICT_OBJC_MSGSEND = YES;
				ENABLE_USER_SCRIPT_SANDBOXING = YES;
				GCC_C_LANGUAGE_STANDARD = gnu17;
				GCC_NO_COMMON_BLOCKS = YES;
				GCC_WARN_64_TO_32_BIT_CONVERSION = YES;
				GCC_WARN_ABOUT_RETURN_TYPE = YES_ERROR;
				GCC_WARN_UNDECLARED_SELECTOR = YES;
				GCC_WARN_UNINITIALIZED_AUTOS = YES_AGGRESSIVE;
				GCC_WARN_UNUSED_FUNCTION = YES;
				GCC_WARN_UNUSED_VARIABLE = YES;
				IPHONEOS_DEPLOYMENT_TARGET = 26.5;
				LOCALIZATION_PREFERS_STRING_CATALOGS = YES;
				MTL_ENABLE_DEBUG_INFO = NO;
				MTL_FAST_MATH = YES;
				SDKROOT = iphoneos;
				SWIFT_COMPILATION_MODE = wholemodule;
				VALIDATE_PRODUCT = YES;
			};
			name = Release;
		};
		5E31E53A2FD16A0200FF83C8 /* Debug */ = {
			isa = XCBuildConfiguration;
			buildSettings = {
				BUNDLE_LOADER = "$(TEST_HOST)";
				CODE_SIGN_STYLE = Automatic;
				CURRENT_PROJECT_VERSION = 1;
				DEVELOPMENT_TEAM = 2MS46CGTB3;
				GENERATE_INFOPLIST_FILE = YES;
				IPHONEOS_DEPLOYMENT_TARGET = 26.5;
				MARKETING_VERSION = 1.0;
				PRODUCT_BUNDLE_IDENTIFIER = com.rotem.OshRatTests;
				PRODUCT_NAME = "$(TARGET_NAME)";
				STRING_CATALOG_GENERATE_SYMBOLS = NO;
				SWIFT_APPROACHABLE_CONCURRENCY = YES;
				SWIFT_EMIT_LOC_STRINGS = NO;
				SWIFT_UPCOMING_FEATURE_MEMBER_IMPORT_VISIBILITY = YES;
				SWIFT_VERSION = 5.0;
				TARGETED_DEVICE_FAMILY = "1,2";
				TEST_HOST = "$(BUILT_PRODUCTS_DIR)/OshRat.app/$(BUNDLE_EXECUTABLE_FOLDER_PATH)/OshRat";
			};
			name = Debug;
		};
		5E31E53B2FD16A0200FF83C8 /* Release */ = {
			isa = XCBuildConfiguration;
			buildSettings = {
				BUNDLE_LOADER = "$(TEST_HOST)";
				CODE_SIGN_STYLE = Automatic;
				CURRENT_PROJECT_VERSION = 1;
				DEVELOPMENT_TEAM = 2MS46CGTB3;
				GENERATE_INFOPLIST_FILE = YES;
				IPHONEOS_DEPLOYMENT_TARGET = 26.5;
				MARKETING_VERSION = 1.0;
				PRODUCT_BUNDLE_IDENTIFIER = com.rotem.OshRatTests;
				PRODUCT_NAME = "$(TARGET_NAME)";
				STRING_CATALOG_GENERATE_SYMBOLS = NO;
				SWIFT_APPROACHABLE_CONCURRENCY = YES;
				SWIFT_EMIT_LOC_STRINGS = NO;
				SWIFT_UPCOMING_FEATURE_MEMBER_IMPORT_VISIBILITY = YES;
				SWIFT_VERSION = 5.0;
				TARGETED_DEVICE_FAMILY = "1,2";
				TEST_HOST = "$(BUILT_PRODUCTS_DIR)/OshRat.app/$(BUNDLE_EXECUTABLE_FOLDER_PATH)/OshRat";
			};
			name = Release;
		};
		5E31E53D2FD16A0200FF83C8 /* Debug */ = {
			isa = XCBuildConfiguration;
			buildSettings = {
				CODE_SIGN_STYLE = Automatic;
				CURRENT_PROJECT_VERSION = 1;
				DEVELOPMENT_TEAM = 2MS46CGTB3;
				GENERATE_INFOPLIST_FILE = YES;
				MARKETING_VERSION = 1.0;
				PRODUCT_BUNDLE_IDENTIFIER = com.rotem.OshRatUITests;
				PRODUCT_NAME = "$(TARGET_NAME)";
				STRING_CATALOG_GENERATE_SYMBOLS = NO;
				SWIFT_APPROACHABLE_CONCURRENCY = YES;
				SWIFT_EMIT_LOC_STRINGS = NO;
				SWIFT_UPCOMING_FEATURE_MEMBER_IMPORT_VISIBILITY = YES;
				SWIFT_VERSION = 5.0;
				TARGETED_DEVICE_FAMILY = "1,2";
				TEST_TARGET_NAME = OshRat;
			};
			name = Debug;
		};
		5E31E53E2FD16A0200FF83C8 /* Release */ = {
			isa = XCBuildConfiguration;
			buildSettings = {
				CODE_SIGN_STYLE = Automatic;
				CURRENT_PROJECT_VERSION = 1;
				DEVELOPMENT_TEAM = 2MS46CGTB3;
				GENERATE_INFOPLIST_FILE = YES;
				MARKETING_VERSION = 1.0;
				PRODUCT_BUNDLE_IDENTIFIER = com.rotem.OshRatUITests;
				PRODUCT_NAME = "$(TARGET_NAME)";
				STRING_CATALOG_GENERATE_SYMBOLS = NO;
				SWIFT_APPROACHABLE_CONCURRENCY = YES;
				SWIFT_EMIT_LOC_STRINGS = NO;
				SWIFT_UPCOMING_FEATURE_MEMBER_IMPORT_VISIBILITY = YES;
				SWIFT_VERSION = 5.0;
				TARGETED_DEVICE_FAMILY = "1,2";
				TEST_TARGET_NAME = OshRat;
			};
			name = Release;
		};
/* End XCBuildConfiguration section */

/* Begin XCConfigurationList section */
		5E31E50B2FD16A0100FF83C8 /* Build configuration list for PBXProject "OshRat" */ = {
			isa = XCConfigurationList;
			buildConfigurations = (
				5E31E5372FD16A0200FF83C8 /* Debug */,
				5E31E5382FD16A0200FF83C8 /* Release */,
			);
			defaultConfigurationIsVisible = 0;
			defaultConfigurationName = Release;
		};
		5E31E5342FD16A0200FF83C8 /* Build configuration list for PBXNativeTarget "OshRat" */ = {
			isa = XCConfigurationList;
			buildConfigurations = (
				5E31E5352FD16A0200FF83C8 /* Debug */,
				5E31E5362FD16A0200FF83C8 /* Release */,
			);
			defaultConfigurationIsVisible = 0;
			defaultConfigurationName = Release;
		};
		5E31E5392FD16A0200FF83C8 /* Build configuration list for PBXNativeTarget "OshRatTests" */ = {
			isa = XCConfigurationList;
			buildConfigurations = (
				5E31E53A2FD16A0200FF83C8 /* Debug */,
				5E31E53B2FD16A0200FF83C8 /* Release */,
			);
			defaultConfigurationIsVisible = 0;
			defaultConfigurationName = Release;
		};
		5E31E53C2FD16A0200FF83C8 /* Build configuration list for PBXNativeTarget "OshRatUITests" */ = {
			isa = XCConfigurationList;
			buildConfigurations = (
				5E31E53D2FD16A0200FF83C8 /* Debug */,
				5E31E53E2FD16A0200FF83C8 /* Release */,
			);
			defaultConfigurationIsVisible = 0;
			defaultConfigurationName = Release;
		};
/* End XCConfigurationList section */
	};
	rootObject = 5E31E5082FD16A0100FF83C8 /* Project object */;
}
